
Microsoft Visual Studio Solution File, Format Version 12.00
Project("{FAE04EC0-301F-11D3-BF4B-00C04F79EFBC}") = "WebAPI", "WebAPI\WebAPI.csproj", "{619B5740-D3F8-408C-ACCD-25F94D8B23BA}"
EndProject
Project("{FAE04EC0-301F-11D3-BF4B-00C04F79EFBC}") = "Domain", "Domain\Domain.csproj", "{21ED3BC2-B0AE-42AB-97CA-E8D33283EB30}"
EndProject
Project("{FAE04EC0-301F-11D3-BF4B-00C04F79EFBC}") = "Model", "Model\Model.csproj", "{A570BAD2-F30D-485F-AE70-6E887B882CF9}"
EndProject
Global
	GlobalSection(SolutionConfigurationPlatforms) = preSolution
		Debug|Any CPU = Debug|Any CPU
		Release|Any CPU = Release|Any CPU
	EndGlobalSection
	GlobalSection(ProjectConfigurationPlatforms) = postSolution
		{619B5740-D3F8-408C-ACCD-25F94D8B23BA}.Debug|Any CPU.ActiveCfg = Debug|Any CPU
		{619B5740-D3F8-408C-ACCD-25F94D8B23BA}.Debug|Any CPU.Build.0 = Debug|Any CPU
		{619B5740-D3F8-408C-ACCD-25F94D8B23BA}.Release|Any CPU.ActiveCfg = Release|Any CPU
		{619B5740-D3F8-408C-ACCD-25F94D8B23BA}.Release|Any CPU.Build.0 = Release|Any CPU
		{21ED3BC2-B0AE-42AB-97CA-E8D33283EB30}.Debug|Any CPU.ActiveCfg = Debug|Any CPU
		{21ED3BC2-B0AE-42AB-97CA-E8D33283EB30}.Debug|Any CPU.Build.0 = Debug|Any CPU
		{21ED3BC2-B0AE-42AB-97CA-E8D33283EB30}.Release|Any CPU.ActiveCfg = Release|Any CPU
		{21ED3BC2-B0AE-42AB-97CA-E8D33283EB30}.Release|Any CPU.Build.0 = Release|Any CPU
		{A570BAD2-F30D-485F-AE70-6E887B882CF9}.Debug|Any CPU.ActiveCfg = Debug|Any CPU
		{A570BAD2-F30D-485F-AE70-6E887B882CF9}.Debug|Any CPU.Build.0 = Debug|Any CPU
		{A570BAD2-F30D-485F-AE70-6E887B882CF9}.Release|Any CPU.ActiveCfg = Release|Any CPU
		{A570BAD2-F30D-485F-AE70-6E887B882CF9}.Release|Any CPU.Build.0 = Release|Any CPU
	EndGlobalSection
EndGlobal
